
Microsoft Visual Studio Solution File, Format Version 12.00
# Visual Studio Version 17
VisualStudioVersion = 17.0.31903.59
MinimumVisualStudioVersion = 10.0.40219.1
Project("{FAE04EC0-301F-11D3-BF4B-00C04F79EFBC}") = "Chronos", "Chronos\Chronos.csproj", "{B4F67EB7-BCBE-49B8-9007-D8095319358C}"
EndProject
Project("{FAE04EC0-301F-11D3-BF4B-00C04F79EFBC}") = "RandomTest", "RandomTest\RandomTest.csproj", "{875793C4-070B-4EF9-8056-8A36F5A8C508}"
EndProject
Project("{FAE04EC0-301F-11D3-BF4B-00C04F79EFBC}") = "RanDice", "RanDice\RanDice.csproj", "{1D246226-7C30-45B6-9A2B-36F13C7128AA}"
EndProject
Project("{FAE04EC0-301F-11D3-BF4B-00C04F79EFBC}") = "MyGame", "MyGame\MyGame.csproj", "{E0EEF84C-7A86-47A5-B3DE-870B25C4DB7A}"
EndProject
Global
	GlobalSection(SolutionConfigurationPlatforms) = preSolution
		Debug|Any CPU = Debug|Any CPU
		Release|Any CPU = Release|Any CPU
	EndGlobalSection
	GlobalSection(SolutionProperties) = preSolution
		HideSolutionNode = FALSE
	EndGlobalSection
	GlobalSection(ProjectConfigurationPlatforms) = postSolution
		{B4F67EB7-BCBE-49B8-9007-D8095319358C}.Debug|Any CPU.ActiveCfg = Debug|Any CPU
		{B4F67EB7-BCBE-49B8-9007-D8095319358C}.Debug|Any CPU.Build.0 = Debug|Any CPU
		{B4F67EB7-BCBE-49B8-9007-D8095319358C}.Release|Any CPU.ActiveCfg = Release|Any CPU
		{B4F67EB7-BCBE-49B8-9007-D8095319358C}.Release|Any CPU.Build.0 = Release|Any CPU
		{875793C4-070B-4EF9-8056-8A36F5A8C508}.Debug|Any CPU.ActiveCfg = Debug|Any CPU
		{875793C4-070B-4EF9-8056-8A36F5A8C508}.Debug|Any CPU.Build.0 = Debug|Any CPU
		{875793C4-070B-4EF9-8056-8A36F5A8C508}.Release|Any CPU.ActiveCfg = Release|Any CPU
		{875793C4-070B-4EF9-8056-8A36F5A8C508}.Release|Any CPU.Build.0 = Release|Any CPU
		{1D246226-7C30-45B6-9A2B-36F13C7128AA}.Debug|Any CPU.ActiveCfg = Debug|Any CPU
		{1D246226-7C30-45B6-9A2B-36F13C7128AA}.Debug|Any CPU.Build.0 = Debug|Any CPU
		{1D246226-7C30-45B6-9A2B-36F13C7128AA}.Release|Any CPU.ActiveCfg = Release|Any CPU
		{1D246226-7C30-45B6-9A2B-36F13C7128AA}.Release|Any CPU.Build.0 = Release|Any CPU
		{E0EEF84C-7A86-47A5-B3DE-870B25C4DB7A}.Debug|Any CPU.ActiveCfg = Debug|Any CPU
		{E0EEF84C-7A86-47A5-B3DE-870B25C4DB7A}.Debug|Any CPU.Build.0 = Debug|Any CPU
		{E0EEF84C-7A86-47A5-B3DE-870B25C4DB7A}.Release|Any CPU.ActiveCfg = Release|Any CPU
		{E0EEF84C-7A86-47A5-B3DE-870B25C4DB7A}.Release|Any CPU.Build.0 = Release|Any CPU
	EndGlobalSection
EndGlobal
